Microsoft Visual Studio Solution File, Format Version 12.00
# Visual Studio Version 17
VisualStudioVersion = 17.5.2.0
MinimumVisualStudioVersion = 10.0.40219.1
Project("{FAE04EC0-301F-11D3-BF4B-00C04F79EFBC}") = "AlgorithmsAndKata", "AlgorithmsAndKata\AlgorithmsAndKata.csproj", "{DE4D1317-114D-7903-E748-499C726C2F5D}"
EndProject
Global
	GlobalSection(SolutionConfigurationPlatforms) = preSolution
		Debug|Any CPU = Debug|Any CPU
		Release|Any CPU = Release|Any CPU
	EndGlobalSection
	GlobalSection(ProjectConfigurationPlatforms) = postSolution
		{DE4D1317-114D-7903-E748-499C726C2F5D}.Debug|Any CPU.ActiveCfg = Debug|Any CPU
		{DE4D1317-114D-7903-E748-499C726C2F5D}.Debug|Any CPU.Build.0 = Debug|Any CPU
		{DE4D1317-114D-7903-E748-499C726C2F5D}.Release|Any CPU.ActiveCfg = Release|Any CPU
		{DE4D1317-114D-7903-E748-499C726C2F5D}.Release|Any CPU.Build.0 = Release|Any CPU
	EndGlobalSection
	GlobalSection(SolutionProperties) = preSolution
		HideSolutionNode = FALSE
	EndGlobalSection
	GlobalSection(ExtensibilityGlobals) = postSolution
		SolutionGuid = {C51DA7D4-A976-45CE-8B63-5CAC54A9E666}
	EndGlobalSection
EndGlobal
