Microsoft Visual Studio Solution File, Format Version 12.00
# Visual Studio Version 17
VisualStudioVersion = 17.5.2.0
MinimumVisualStudioVersion = 10.0.40219.1
Project("{FAE04EC0-301F-11D3-BF4B-00C04F79EFBC}") = "vscodeApi", "vscodeApi\vscodeApi.csproj", "{9783233B-1063-9ED1-B9A3-A26CA513CFB3}"
EndProject
Global
	GlobalSection(SolutionConfigurationPlatforms) = preSolution
		Debug|Any CPU = Debug|Any CPU
		Release|Any CPU = Release|Any CPU
	EndGlobalSection
	GlobalSection(ProjectConfigurationPlatforms) = postSolution
		{9783233B-1063-9ED1-B9A3-A26CA513CFB3}.Debug|Any CPU.ActiveCfg = Debug|Any CPU
		{9783233B-1063-9ED1-B9A3-A26CA513CFB3}.Debug|Any CPU.Build.0 = Debug|Any CPU
		{9783233B-1063-9ED1-B9A3-A26CA513CFB3}.Release|Any CPU.ActiveCfg = Release|Any CPU
		{9783233B-1063-9ED1-B9A3-A26CA513CFB3}.Release|Any CPU.Build.0 = Release|Any CPU
	EndGlobalSection
	GlobalSection(SolutionProperties) = preSolution
		HideSolutionNode = FALSE
	EndGlobalSection
	GlobalSection(ExtensibilityGlobals) = postSolution
		SolutionGuid = {2028B5A6-0FB4-4627-9243-0A589CE8A9EB}
	EndGlobalSection
EndGlobal
